// !$*UTF8*$!
{
	archiveVersion = 1;
	classes = {
	};
	objectVersion = 50;
	objects = {

/* Begin PBXBuildFile section */
		3A3B228F359FFEC23C4EBCE3 /* Pods_dropDownPrac.framework in Frameworks */ = {isa = PBXBuildFile; fileRef = 476CCB8C8F33D5B54BBBA65D /* Pods_dropDownPrac.framework */; };
		EA08F2CD2490D9A1009B5680 /* AppDelegate.swift in Sources */ = {isa = PBXBuildFile; fileRef = EA08F2CC2490D9A1009B5680 /* AppDelegate.swift */; };
		EA08F2CF2490D9A1009B5680 /* SceneDelegate.swift in Sources */ = {isa = PBXBuildFile; fileRef = EA08F2CE2490D9A1009B5680 /* SceneDelegate.swift */; };
		EA08F2D12490D9A1009B5680 /* ViewController.swift in Sources */ = {isa = PBXBuildFile; fileRef = EA08F2D02490D9A1009B5680 /* ViewController.swift */; };
		EA08F2D42490D9A1009B5680 /* Main.storyboard in Resources */ = {isa = PBXBuildFile; fileRef = EA08F2D22490D9A1009B5680 /* Main.storyboard */; };
		EA08F2D62490D9A2009B5680 /* Assets.xcassets in Resources */ = {isa = PBXBuildFile; fileRef = EA08F2D52490D9A2009B5680 /* Assets.xcassets */; };
		EA08F2D92490D9A2009B5680 /* LaunchScreen.storyboard in Resources */ = {isa = PBXBuildFile; fileRef = EA08F2D72490D9A2009B5680 /* LaunchScreen.storyboard */; };
/* End PBXBuildFile section */

/* Begin PBXFileReference section */
		2644A1A4960556495BCEAF92 /* Pods-dropDownPrac.debug.xcconfig */ = {isa = PBXFileReference; includeInIndex = 1; lastKnownFileType = text.xcconfig; name = "Pods-dropDownPrac.debug.xcconfig"; path = "Target Support Files/Pods-dropDownPrac/Pods-dropDownPrac.debug.xcconfig"; sourceTree = "<group>"; };
		476CCB8C8F33D5B54BBBA65D /* Pods_dropDownPrac.framework */ = {isa = PBXFileReference; explicitFileType = wrapper.framework; includeInIndex = 0; path = Pods_dropDownPrac.framework; sourceTree = BUILT_PRODUCTS_DIR; };
		E41C25A5D64D6BD6C87C2000 /* Pods-dropDownPrac.release.xcconfig */ = {isa = PBXFileReference; includeInIndex = 1; lastKnownFileType = text.xcconfig; name = "Pods-dropDownPrac.release.xcconfig"; path = "Target Support Files/Pods-dropDownPrac/Pods-dropDownPrac.release.xcconfig"; sourceTree = "<group>"; };
		EA08F2C92490D9A1009B5680 /* dropDownPrac.app */ = {isa = PBXFileReference; explicitFileType = wrapper.application; includeInIndex = 0; path = dropDownPrac.app; sourceTree = BUILT_PRODUCTS_DIR; };
		EA08F2CC2490D9A1009B5680 /* AppDelegate.swift */ = {isa = PBXFileReference; lastKnownFileType = sourcecode.swift; path = AppDelegate.swift; sourceTree = "<group>"; };
		EA08F2CE2490D9A1009B5680 /* SceneDelegate.swift */ = {isa = PBXFileReference; lastKnownFileType = sourcecode.swift; path = SceneDelegate.swift; sourceTree = "<group>"; };
		EA08F2D02490D9A1009B5680 /* ViewController.swift */ = {isa = PBXFileReference; lastKnownFileType = sourcecode.swift; path = ViewController.swift; sourceTree = "<group>"; };
		EA08F2D32490D9A1009B5680 /* Base */ = {isa = PBXFileReference; lastKnownFileType = file.storyboard; name = Base; path = Base.lproj/Main.storyboard; sourceTree = "<group>"; };
		EA08F2D52490D9A2009B5680 /* Assets.xcassets */ = {isa = PBXFileReference; lastKnownFileType = folder.assetcatalog; path = Assets.xcassets; sourceTree = "<group>"; };
		EA08F2D82490D9A2009B5680 /* Base */ = {isa = PBXFileReference; lastKnownFileType = file.storyboard; name = Base; path = Base.lproj/LaunchScreen.storyboard; sourceTree = "<group>"; };
		EA08F2DA2490D9A2009B5680 /* Info.plist */ = {isa = PBXFileReference; lastKnownFileType = text.plist.xml; path = Info.plist; sourceTree = "<group>"; };
/* End PBXFileReference section */

/* Begin PBXFrameworksBuildPhase section */
		EA08F2C62490D9A1009B5680 /* Frameworks */ = {
			isa = PBXFrameworksBuildPhase;
			buildActionMask = 2147483647;
			files = (
				3A3B228F359FFEC23C4EBCE3 /* Pods_dropDownPrac.framework in Frameworks */,
			);
			runOnlyForDeploymentPostprocessing = 0;
		};
/* End PBXFrameworksBuildPhase section */

/* Begin PBXGroup section */
		55FB073A22D8FE73921D4FE3 /* Frameworks */ = {
			isa = PBXGroup;
			children = (
				476CCB8C8F33D5B54BBBA65D /* Pods_dropDownPrac.framework */,
			);
			name = Frameworks;
			sourceTree = "<group>";
		};
		6B12D6B645BE6C83A0579952 /* Pods */ = {
			isa = PBXGroup;
			children = (
				2644A1A4960556495BCEAF92 /* Pods-dropDownPrac.debug.xcconfig */,
				E41C25A5D64D6BD6C87C2000 /* Pods-dropDownPrac.release.xcconfig */,
			);
			name = Pods;
			path = Pods;
			sourceTree = "<group>";
		};
		EA08F2C02490D9A1009B5680 = {
			isa = PBXGroup;
			children = (
				EA08F2CB2490D9A1009B5680 /* dropDownPrac */,
				EA08F2CA2490D9A1009B5680 /* Products */,
				6B12D6B645BE6C83A0579952 /* Pods */,
				55FB073A22D8FE73921D4FE3 /* Frameworks */,
			);
			sourceTree = "<group>";
		};
		EA08F2CA2490D9A1009B5680 /* Products */ = {
			isa = PBXGroup;
			children = (
				EA08F2C92490D9A1009B5680 /* dropDownPrac.app */,
			);
			name = Products;
			sourceTree = "<group>";
		};
		EA08F2CB2490D9A1009B5680 /* dropDownPrac */ = {
			isa = PBXGroup;
			children = (
				EA08F2CC2490D9A1009B5680 /* AppDelegate.swift */,
				EA08F2CE2490D9A1009B5680 /* SceneDelegate.swift */,
				EA08F2D02490D9A1009B5680 /* ViewController.swift */,
				EA08F2D22490D9A1009B5680 /* Main.storyboard */,
				EA08F2D52490D9A2009B5680 /* Assets.xcassets */,
				EA08F2D72490D9A2009B5680 /* LaunchScreen.storyboard */,
				EA08F2DA2490D9A2009B5680 /* Info.plist */,
			);
			path = dropDownPrac;
			sourceTree = "<group>";
		};
/* End PBXGroup section */

/* Begin PBXNativeTarget section */
		EA08F2C82490D9A1009B5680 /* dropDownPrac */ = {
			isa = PBXNativeTarget;
			buildConfigurationList = EA08F2DD2490D9A2009B5680 /* Build configuration list for PBXNativeTarget "dropDownPrac" */;
			buildPhases = (
				14F5D22E973CA71DDE040687 /* [CP] Check Pods Manifest.lock */,
				EA08F2C52490D9A1009B5680 /* Sources */,
				EA08F2C62490D9A1009B5680 /* Frameworks */,
				EA08F2C72490D9A1009B5680 /* Resources */,
				5B773820127C5201DE457A94 /* [CP] Embed Pods Frameworks */,
			);
			buildRules = (
			);
			dependencies = (
			);
			name = dropDownPrac;
			productName = dropDownPrac;
			productReference = EA08F2C92490D9A1009B5680 /* dropDownPrac.app */;
			productType = "com.apple.product-type.application";
		};
/* End PBXNativeTarget section */

/* Begin PBXProject section */
		EA08F2C12490D9A1009B5680 /* Project object */ = {
			isa = PBXProject;
			attributes = {
				LastSwiftUpdateCheck = 1150;
				LastUpgradeCheck = 1150;
				ORGANIZATIONNAME = "권성우";
				TargetAttributes = {
					EA08F2C82490D9A1009B5680 = {
						CreatedOnToolsVersion = 11.5;
					};
				};
			};
			buildConfigurationList = EA08F2C42490D9A1009B5680 /* Build configuration list for PBXProject "dropDownPrac" */;
			compatibilityVersion = "Xcode 9.3";
			developmentRegion = en;
			hasScannedForEncodings = 0;
			knownRegions = (
				en,
				Base,
			);
			mainGroup = EA08F2C02490D9A1009B5680;
			productRefGroup = EA08F2CA2490D9A1009B5680 /* Products */;
			projectDirPath = "";
			projectRoot = "";
			targets = (
				EA08F2C82490D9A1009B5680 /* dropDownPrac */,
			);
		};
/* End PBXProject section */

/* Begin PBXResourcesBuildPhase section */
		EA08F2C72490D9A1009B5680 /* Resources */ = {
			isa = PBXResourcesBuildPhase;
			buildActionMask = 2147483647;
			files = (
				EA08F2D92490D9A2009B5680 /* LaunchScreen.storyboard in Resources */,
				EA08F2D62490D9A2009B5680 /* Assets.xcassets in Resources */,
				EA08F2D42490D9A1009B5680 /* Main.storyboard in Resources */,
			);
			runOnlyForDeploymentPostprocessing = 0;
		};
/* End PBXResourcesBuildPhase section */

/* Begin PBXShellScriptBuildPhase section */
		14F5D22E973CA71DDE040687 /* [CP] Check Pods Manifest.lock */ = {
			isa = PBXShellScriptBuildPhase;
			buildActionMask = 2147483647;
			files = (
			);
			inputFileListPaths = (
			);
			inputPaths = (
				"${PODS_PODFILE_DIR_PATH}/Podfile.lock",
				"${PODS_ROOT}/Manifest.lock",
			);
			name = "[CP] Check Pods Manifest.lock";
			outputFileListPaths = (
			);
			outputPaths = (
				"$(DERIVED_FILE_DIR)/Pods-dropDownPrac-checkManifestLockResult.txt",
			);
			runOnlyForDeploymentPostprocessing = 0;
			shellPath = /bin/sh;
			shellScript = "diff \"${PODS_PODFILE_DIR_PATH}/Podfile.lock\" \"${PODS_ROOT}/Manifest.lock\" > /dev/null\nif [ $? != 0 ] ; then\n    # print error to STDERR\n    echo \"error: The sandbox is not in sync with the Podfile.lock. Run 'pod install' or update your CocoaPods installation.\" >&2\n    exit 1\nfi\n# This output is used by Xcode 'outputs' to avoid re-running this script phase.\necho \"SUCCESS\" > \"${SCRIPT_OUTPUT_FILE_0}\"\n";
			showEnvVarsInLog = 0;
		};
		5B773820127C5201DE457A94 /* [CP] Embed Pods Frameworks */ = {
			isa = PBXShellScriptBuildPhase;
			buildActionMask = 2147483647;
			files = (
			);
			inputFileListPaths = (
				"${PODS_ROOT}/Target Support Files/Pods-dropDownPrac/Pods-dropDownPrac-frameworks-${CONFIGURATION}-input-files.xcfilelist",
			);
			name = "[CP] Embed Pods Frameworks";
			outputFileListPaths = (
				"${PODS_ROOT}/Target Support Files/Pods-dropDownPrac/Pods-dropDownPrac-frameworks-${CONFIGURATION}-output-files.xcfilelist",
			);
			runOnlyForDeploymentPostprocessing = 0;
			shellPath = /bin/sh;
			shellScript = "\"${PODS_ROOT}/Target Support Files/Pods-dropDownPrac/Pods-dropDownPrac-frameworks.sh\"\n";
			showEnvVarsInLog = 0;
		};
/* End PBXShellScriptBuildPhase section */

/* Begin PBXSourcesBuildPhase section */
		EA08F2C52490D9A1009B5680 /* Sources */ = {
			isa = PBXSourcesBuildPhase;
			buildActionMask = 2147483647;
			files = (
				EA08F2D12490D9A1009B5680 /* ViewController.swift in Sources */,
				EA08F2CD2490D9A1009B5680 /* AppDelegate.swift in Sources */,
				EA08F2CF2490D9A1009B5680 /* SceneDelegate.swift in Sources */,
			);
			runOnlyForDeploymentPostprocessing = 0;
		};
/* End PBXSourcesBuildPhase section */

/* Begin PBXVariantGroup section */
		EA08F2D22490D9A1009B5680 /* Main.storyboard */ = {
			isa = PBXVariantGroup;
			children = (
				EA08F2D32490D9A1009B5680 /* Base */,
			);
			name = Main.storyboard;
			sourceTree = "<group>";
		};
		EA08F2D72490D9A2009B5680 /* LaunchScreen.storyboard */ = {
			isa = PBXVariantGroup;
			children = (
				EA08F2D82490D9A2009B5680 /* Base */,
			);
			name = LaunchScreen.storyboard;
			sourceTree = "<group>";
		};
/* End PBXVariantGroup section */

/* Begin XCBuildConfiguration section */
		EA08F2DB2490D9A2009B5680 /* Debug */ = {
			isa = XCBuildConfiguration;
			buildSettings = {
				ALWAYS_SEARCH_USER_PATHS = NO;
				CLANG_ANALYZER_NONNULL = YES;
				CLANG_ANALYZER_NUMBER_OBJECT_CONVERSION = YES_AGGRESSIVE;
				CLANG_CXX_LANGUAGE_STANDARD = "gnu++14";
				CLANG_CXX_LIBRARY = "libc++";
				CLANG_ENABLE_MODULES = YES;
				CLANG_ENABLE_OBJC_ARC = YES;
				CLANG_ENABLE_OBJC_WEAK = YES;
				CLANG_WARN_BLOCK_CAPTURE_AUTORELEASING = YES;
				CLANG_WARN_BOOL_CONVERSION = YES;
				CLANG_WARN_COMMA = YES;
				CLANG_WARN_CONSTANT_CONVERSION = YES;
				CLANG_WARN_DEPRECATED_OBJC_IMPLEMENTATIONS = YES;
				CLANG_WARN_DIRECT_OBJC_ISA_USAGE = YES_ERROR;
				CLANG_WARN_DOCUMENTATION_COMMENTS = YES;
				CLANG_WARN_EMPTY_BODY = YES;
				CLANG_WARN_ENUM_CONVERSION = YES;
				CLANG_WARN_INFINITE_RECURSION = YES;
				CLANG_WARN_INT_CONVERSION = YES;
				CLANG_WARN_NON_LITERAL_NULL_CONVERSION = YES;
				CLANG_WARN_OBJC_IMPLICIT_RETAIN_SELF = YES;
				CLANG_WARN_OBJC_LITERAL_CONVERSION = YES;
				CLANG_WARN_OBJC_ROOT_CLASS = YES_ERROR;
				CLANG_WARN_RANGE_LOOP_ANALYSIS = YES;
				CLANG_WARN_STRICT_PROTOTYPES = YES;
				CLANG_WARN_SUSPICIOUS_MOVE = YES;
				CLANG_WARN_UNGUARDED_AVAILABILITY = YES_AGGRESSIVE;
				CLANG_WARN_UNREACHABLE_CODE = YES;
				CLANG_WARN__DUPLICATE_METHOD_MATCH = YES;
				COPY_PHASE_STRIP = NO;
				DEBUG_INFORMATION_FORMAT = dwarf;
				ENABLE_STRICT_OBJC_MSGSEND = YES;
				ENABLE_TESTABILITY = YES;
				GCC_C_LANGUAGE_STANDARD = gnu11;
				GCC_DYNAMIC_NO_PIC = NO;
				GCC_NO_COMMON_BLOCKS = YES;
				GCC_OPTIMIZATION_LEVEL = 0;
				GCC_PREPROCESSOR_DEFINITIONS = (
					"DEBUG=1",
					"$(inherited)",
				);
				GCC_WARN_64_TO_32_BIT_CONVERSION = YES;
				GCC_WARN_ABOUT_RETURN_TYPE = YES_ERROR;
				GCC_WARN_UNDECLARED_SELECTOR = YES;
				GCC_WARN_UNINITIALIZED_AUTOS = YES_AGGRESSIVE;
				GCC_WARN_UNUSED_FUNCTION = YES;
				GCC_WARN_UNUSED_VARIABLE = YES;
				IPHONEOS_DEPLOYMENT_TARGET = 13.5;
				MTL_ENABLE_DEBUG_INFO = INCLUDE_SOURCE;
				MTL_FAST_MATH = YES;
				ONLY_ACTIVE_ARCH = YES;
				SDKROOT = iphoneos;
				SWIFT_ACTIVE_COMPILATION_CONDITIONS = DEBUG;
				SWIFT_OPTIMIZATION_LEVEL = "-Onone";
			};
			name = Debug;
		};
		EA08F2DC2490D9A2009B5680 /* Release */ = {
			isa = XCBuildConfiguration;
			buildSettings = {
				ALWAYS_SEARCH_USER_PATHS = NO;
				CLANG_ANALYZER_NONNULL = YES;
				CLANG_ANALYZER_NUMBER_OBJECT_CONVERSION = YES_AGGRESSIVE;
				CLANG_CXX_LANGUAGE_STANDARD = "gnu++14";
				CLANG_CXX_LIBRARY = "libc++";
				CLANG_ENABLE_MODULES = YES;
				CLANG_ENABLE_OBJC_ARC = YES;
				CLANG_ENABLE_OBJC_WEAK = YES;
				CLANG_WARN_BLOCK_CAPTURE_AUTORELEASING = YES;
				CLANG_WARN_BOOL_CONVERSION = YES;
				CLANG_WARN_COMMA = YES;
				CLANG_WARN_CONSTANT_CONVERSION = YES;
				CLANG_WARN_DEPRECATED_OBJC_IMPLEMENTATIONS = YES;
				CLANG_WARN_DIRECT_OBJC_ISA_USAGE = YES_ERROR;
				CLANG_WARN_DOCUMENTATION_COMMENTS = YES;
				CLANG_WARN_EMPTY_BODY = YES;
				CLANG_WARN_ENUM_CONVERSION = YES;
				CLANG_WARN_INFINITE_RECURSION = YES;
				CLANG_WARN_INT_CONVERSION = YES;
				CLANG_WARN_NON_LITERAL_NULL_CONVERSION = YES;
				CLANG_WARN_OBJC_IMPLICIT_RETAIN_SELF = YES;
				CLANG_WARN_OBJC_LITERAL_CONVERSION = YES;
				CLANG_WARN_OBJC_ROOT_CLASS = YES_ERROR;
				CLANG_WARN_RANGE_LOOP_ANALYSIS = YES;
				CLANG_WARN_STRICT_PROTOTYPES = YES;
				CLANG_WARN_SUSPICIOUS_MOVE = YES;
				CLANG_WARN_UNGUARDED_AVAILABILITY = YES_AGGRESSIVE;
				CLANG_WARN_UNREACHABLE_CODE = YES;
				CLANG_WARN__DUPLICATE_METHOD_MATCH = YES;
				COPY_PHASE_STRIP = NO;
				DEBUG_INFORMATION_FORMAT = "dwarf-with-dsym";
				ENABLE_NS_ASSERTIONS = NO;
				ENABLE_STRICT_OBJC_MSGSEND = YES;
				GCC_C_LANGUAGE_STANDARD = gnu11;
				GCC_NO_COMMON_BLOCKS = YES;
				GCC_WARN_64_TO_32_BIT_CONVERSION = YES;
				GCC_WARN_ABOUT_RETURN_TYPE = YES_ERROR;
				GCC_WARN_UNDECLARED_SELECTOR = YES;
				GCC_WARN_UNINITIALIZED_AUTOS = YES_AGGRESSIVE;
				GCC_WARN_UNUSED_FUNCTION = YES;
				GCC_WARN_UNUSED_VARIABLE = YES;
				IPHONEOS_DEPLOYMENT_TARGET = 13.5;
				MTL_ENABLE_DEBUG_INFO = NO;
				MTL_FAST_MATH = YES;
				SDKROOT = iphoneos;
				SWIFT_COMPILATION_MODE = wholemodule;
				SWIFT_OPTIMIZATION_LEVEL = "-O";
				VALIDATE_PRODUCT = YES;
			};
			name = Release;
		};
		EA08F2DE2490D9A2009B5680 /* Debug */ = {
			isa = XCBuildConfiguration;
			baseConfigurationReference = 2644A1A4960556495BCEAF92 /* Pods-dropDownPrac.debug.xcconfig */;
			buildSettings = {
				ASSETCATALOG_COMPILER_APPICON_NAME = AppIcon;
				CODE_SIGN_STYLE = Automatic;
				DEVELOPMENT_TEAM = L2VUB7Y3L2;
				INFOPLIST_FILE = dropDownPrac/Info.plist;
				LD_RUNPATH_SEARCH_PATHS = (
					"$(inherited)",
					"@executable_path/Frameworks",
				);
				PRODUCT_BUNDLE_IDENTIFIER = KSW.dropDownPrac;
				PRODUCT_NAME = "$(TARGET_NAME)";
				SWIFT_VERSION = 5.0;
				TARGETED_DEVICE_FAMILY = "1,2";
			};
			name = Debug;
		};
		EA08F2DF2490D9A2009B5680 /* Release */ = {
			isa = XCBuildConfiguration;
			baseConfigurationReference = E41C25A5D64D6BD6C87C2000 /* Pods-dropDownPrac.release.xcconfig */;
			buildSettings = {
				ASSETCATALOG_COMPILER_APPICON_NAME = AppIcon;
				CODE_SIGN_STYLE = Automatic;
				DEVELOPMENT_TEAM = L2VUB7Y3L2;
				INFOPLIST_FILE = dropDownPrac/Info.plist;
				LD_RUNPATH_SEARCH_PATHS = (
					"$(inherited)",
					"@executable_path/Frameworks",
				);
				PRODUCT_BUNDLE_IDENTIFIER = KSW.dropDownPrac;
				PRODUCT_NAME = "$(TARGET_NAME)";
				SWIFT_VERSION = 5.0;
				TARGETED_DEVICE_FAMILY = "1,2";
			};
			name = Release;
		};
/* End XCBuildConfiguration section */

/* Begin XCConfigurationList section */
		EA08F2C42490D9A1009B5680 /* Build configuration list for PBXProject "dropDownPrac" */ = {
			isa = XCConfigurationList;
			buildConfigurations = (
				EA08F2DB2490D9A2009B5680 /* Debug */,
				EA08F2DC2490D9A2009B5680 /* Release */,
			);
			defaultConfigurationIsVisible = 0;
			defaultConfigurationName = Release;
		};
		EA08F2DD2490D9A2009B5680 /* Build configuration list for PBXNativeTarget "dropDownPrac" */ = {
			isa = XCConfigurationList;
			buildConfigurations = (
				EA08F2DE2490D9A2009B5680 /* Debug */,
				EA08F2DF2490D9A2009B5680 /* Release */,
			);
			defaultConfigurationIsVisible = 0;
			defaultConfigurationName = Release;
		};
/* End XCConfigurationList section */
	};
	rootObject = EA08F2C12490D9A1009B5680 /* Project object */;
}
